
Microsoft Visual Studio Solution File, Format Version 12.00
# Visual Studio Version 17
VisualStudioVersion = 17.5.33516.290
MinimumVisualStudioVersion = 10.0.40219.1
Project("{FAE04EC0-301F-11D3-BF4B-00C04F79EFBC}") = "BogusTestApp", "BogusTestApp\BogusTestApp.csproj", "{E1DFB54D-845A-4F69-8FAD-445388BC2B14}"
EndProject
Project("{2150E333-8FDC-42A3-9474-1A3956D46DE8}") = "Test용", "Test용", "{FB1F071E-948A-4906-B77C-1E9703F1757E}"
EndProject
Project("{2150E333-8FDC-42A3-9474-1A3956D46DE8}") = "MQTT Publisher", "MQTT Publisher", "{3EF6FACC-45E6-4859-8C2A-7F52F2C9F685}"
EndProject
Project("{2150E333-8FDC-42A3-9474-1A3956D46DE8}") = "MQTT Subscriber", "MQTT Subscriber", "{BDC05EC4-D19A-4B1F-AAA5-90B060AADD76}"
EndProject
Project("{FAE04EC0-301F-11D3-BF4B-00C04F79EFBC}") = "FakeIotDeviceApp", "FakeIotDeviceApp\FakeIotDeviceApp.csproj", "{B4876E0B-73CB-49DB-A631-2C12694A7D0A}"
EndProject
Project("{FAE04EC0-301F-11D3-BF4B-00C04F79EFBC}") = "SmartHomeMonitoringApp", "SmartHomeMonitoringApp\SmartHomeMonitoringApp.csproj", "{DBB46C45-B125-4A7D-8595-31D8767A5EC0}"
EndProject
Global
	GlobalSection(SolutionConfigurationPlatforms) = preSolution
		Debug|Any CPU = Debug|Any CPU
		Release|Any CPU = Release|Any CPU
	EndGlobalSection
	GlobalSection(ProjectConfigurationPlatforms) = postSolution
		{E1DFB54D-845A-4F69-8FAD-445388BC2B14}.Debug|Any CPU.ActiveCfg = Debug|Any CPU
		{E1DFB54D-845A-4F69-8FAD-445388BC2B14}.Debug|Any CPU.Build.0 = Debug|Any CPU
		{E1DFB54D-845A-4F69-8FAD-445388BC2B14}.Release|Any CPU.ActiveCfg = Release|Any CPU
		{E1DFB54D-845A-4F69-8FAD-445388BC2B14}.Release|Any CPU.Build.0 = Release|Any CPU
		{B4876E0B-73CB-49DB-A631-2C12694A7D0A}.Debug|Any CPU.ActiveCfg = Debug|Any CPU
		{B4876E0B-73CB-49DB-A631-2C12694A7D0A}.Debug|Any CPU.Build.0 = Debug|Any CPU
		{B4876E0B-73CB-49DB-A631-2C12694A7D0A}.Release|Any CPU.ActiveCfg = Release|Any CPU
		{B4876E0B-73CB-49DB-A631-2C12694A7D0A}.Release|Any CPU.Build.0 = Release|Any CPU
		{DBB46C45-B125-4A7D-8595-31D8767A5EC0}.Debug|Any CPU.ActiveCfg = Debug|Any CPU
		{DBB46C45-B125-4A7D-8595-31D8767A5EC0}.Debug|Any CPU.Build.0 = Debug|Any CPU
		{DBB46C45-B125-4A7D-8595-31D8767A5EC0}.Release|Any CPU.ActiveCfg = Release|Any CPU
		{DBB46C45-B125-4A7D-8595-31D8767A5EC0}.Release|Any CPU.Build.0 = Release|Any CPU
	EndGlobalSection
	GlobalSection(SolutionProperties) = preSolution
		HideSolutionNode = FALSE
	EndGlobalSection
	GlobalSection(NestedProjects) = preSolution
		{E1DFB54D-845A-4F69-8FAD-445388BC2B14} = {FB1F071E-948A-4906-B77C-1E9703F1757E}
		{B4876E0B-73CB-49DB-A631-2C12694A7D0A} = {3EF6FACC-45E6-4859-8C2A-7F52F2C9F685}
		{DBB46C45-B125-4A7D-8595-31D8767A5EC0} = {BDC05EC4-D19A-4B1F-AAA5-90B060AADD76}
	EndGlobalSection
	GlobalSection(ExtensibilityGlobals) = postSolution
		SolutionGuid = {D2EB35CB-A880-4CCC-885E-D5D0931CC465}
	EndGlobalSection
EndGlobal
