
Microsoft Visual Studio Solution File, Format Version 12.00
# Visual Studio Version 17
VisualStudioVersion = 17.5.33516.290
MinimumVisualStudioVersion = 10.0.40219.1
Project("{FAE04EC0-301F-11D3-BF4B-00C04F79EFBC}") = "BogusTestApp", "BogusTestApp\BogusTestApp.csproj", "{001FF299-293F-4E39-AB64-D6830D1765F7}"
EndProject
Project("{2150E333-8FDC-42A3-9474-1A3956D46DE8}") = "Test용", "Test용", "{B91B9F69-CE2F-4E65-B2A3-BB6DE96CAE59}"
EndProject
Project("{2150E333-8FDC-42A3-9474-1A3956D46DE8}") = "Mqtt publisher", "Mqtt publisher", "{713ACF66-DF1B-4ACB-BA53-AE3ECCB80FC4}"
EndProject
Project("{FAE04EC0-301F-11D3-BF4B-00C04F79EFBC}") = "FakeDeviceApp", "FakeDeviceApp\FakeDeviceApp.csproj", "{BD08E677-2306-4701-BC8E-47296839EA8F}"
EndProject
Project("{FAE04EC0-301F-11D3-BF4B-00C04F79EFBC}") = "SmartHomeMonitoringApp", "SmartHomeMonitoringApp\SmartHomeMonitoringApp.csproj", "{6D1DDF4D-F4D4-475F-9685-47AE12656307}"
EndProject
Project("{2150E333-8FDC-42A3-9474-1A3956D46DE8}") = "MQTT subscrib", "MQTT subscrib", "{6BE72DA1-E681-42B8-881C-D5C9D9B56C7F}"
EndProject
Global
	GlobalSection(SolutionConfigurationPlatforms) = preSolution
		Debug|Any CPU = Debug|Any CPU
		Release|Any CPU = Release|Any CPU
	EndGlobalSection
	GlobalSection(ProjectConfigurationPlatforms) = postSolution
		{001FF299-293F-4E39-AB64-D6830D1765F7}.Debug|Any CPU.ActiveCfg = Debug|Any CPU
		{001FF299-293F-4E39-AB64-D6830D1765F7}.Debug|Any CPU.Build.0 = Debug|Any CPU
		{001FF299-293F-4E39-AB64-D6830D1765F7}.Release|Any CPU.ActiveCfg = Release|Any CPU
		{001FF299-293F-4E39-AB64-D6830D1765F7}.Release|Any CPU.Build.0 = Release|Any CPU
		{BD08E677-2306-4701-BC8E-47296839EA8F}.Debug|Any CPU.ActiveCfg = Debug|Any CPU
		{BD08E677-2306-4701-BC8E-47296839EA8F}.Debug|Any CPU.Build.0 = Debug|Any CPU
		{BD08E677-2306-4701-BC8E-47296839EA8F}.Release|Any CPU.ActiveCfg = Release|Any CPU
		{BD08E677-2306-4701-BC8E-47296839EA8F}.Release|Any CPU.Build.0 = Release|Any CPU
		{6D1DDF4D-F4D4-475F-9685-47AE12656307}.Debug|Any CPU.ActiveCfg = Debug|Any CPU
		{6D1DDF4D-F4D4-475F-9685-47AE12656307}.Debug|Any CPU.Build.0 = Debug|Any CPU
		{6D1DDF4D-F4D4-475F-9685-47AE12656307}.Release|Any CPU.ActiveCfg = Release|Any CPU
		{6D1DDF4D-F4D4-475F-9685-47AE12656307}.Release|Any CPU.Build.0 = Release|Any CPU
	EndGlobalSection
	GlobalSection(SolutionProperties) = preSolution
		HideSolutionNode = FALSE
	EndGlobalSection
	GlobalSection(NestedProjects) = preSolution
		{001FF299-293F-4E39-AB64-D6830D1765F7} = {B91B9F69-CE2F-4E65-B2A3-BB6DE96CAE59}
		{BD08E677-2306-4701-BC8E-47296839EA8F} = {713ACF66-DF1B-4ACB-BA53-AE3ECCB80FC4}
		{6D1DDF4D-F4D4-475F-9685-47AE12656307} = {6BE72DA1-E681-42B8-881C-D5C9D9B56C7F}
	EndGlobalSection
	GlobalSection(ExtensibilityGlobals) = postSolution
		SolutionGuid = {CBFF83A4-8489-4CCF-A24C-0589CC1B5FFA}
	EndGlobalSection
EndGlobal
